# Generated by pub
# See https://dart.dev/tools/pub/glossary#lockfile
packages:
  async:
    dependency: transitive
    description:
      name: async
      sha256: "947bfcf187f7445e7e52ae244d9d43454fe2a60447692b80557120d5301ca66f"
      url: "https://pub.dev"
    source: hosted
    version: "2.11.0"
  boolean_selector:
    dependency: transitive
    description:
      name: boolean_selector
      sha256: "6cfb5af12253e62699ead7f6bc73fb55f96121d327b52b477f49a61304dbd25b"
      url: "https://pub.dev"
    source: hosted
    version: "2.1.1"
  characters:
    dependency: transitive
    description:
      name: characters
      sha256: "04a925763dd70e86dd160c9c5c7b41dbcb72a380370f20e508cb5c5c98d8d429"
      url: "https://pub.dev"
    source: hosted
    version: "1.3.0"
  clock:
    dependency: transitive
    description:
      name: clock
      sha256: cb6d7f03e1de671e34607e909a7213e31d7752be4fb66a86d29fe1eb14bfb5cf
      url: "https://pub.dev"
    source: hosted
    version: "1.1.1"
  collection:
    dependency: transitive
    description:
      name: collection
      sha256: ee67cb07038caf3d9f31364b4464a23ebce34e8167fe8a1628a2cc808e016ae5
      url: "https://pub.dev"
    source: hosted
    version: "1.18.0"
  fake_async:
    dependency: transitive
    description:
      name: fake_async
      sha256: "511392330127add0b769b75a9d4719241ac2f564dc1627a8592874f6f6a49b83"
      url: "https://pub.dev"
    source: hosted
    version: "1.3.1"
  flutter:
    dependency: "direct main"
    description: flutter
    source: sdk
    version: "0.0.0"
  flutter_lints:
    dependency: "direct dev"
    description:
      name: flutter_lints
      sha256: "5398f149f6f62b8a20f9e05206381ec387d832d2e11894d07521a0fb80cf8a48"
      url: "https://pub.dev"
    source: hosted
    version: "5.0.0"
  flutter_test:
    dependency: "direct dev"
    description: flutter
    source: sdk
    version: "0.0.0"
  leak_tracker:
    dependency: transitive
    description:
      name: leak_tracker
      sha256: "3f87a60e8c63aecc4a91b5273d2420d7b7333a385f017812972d773fb68d59ed"
      url: "https://pub.dev"
    source: hosted
    version: "10.0.5"
  leak_tracker_flutter_testing:
    dependency: transitive
    description:
      name: leak_tracker_flutter_testing
      sha256: "93254636955ca299db2f1473640ef9ba46687843ae2d4b45579b213a34b1004e"
      url: "https://pub.dev"
    source: hosted
    version: "3.0.5"
  leak_tracker_testing:
    dependency: transitive
    description:
      name: leak_tracker_testing
      sha256: "6ba465d5d40e67d0387284746977c11879ac949b233e506643fb5ff8e8b809b7"
      url: "https://pub.dev"
    source: hosted
    version: "3.0.1"
  lints:
    dependency: transitive
    description:
      name: lints
      sha256: "9731735e16503c2bb023d8c1995f70007fe7582b137f61c37b98d1a10065a4c5"
      url: "https://pub.dev"
    source: hosted
    version: "5.0.0"
  matcher:
    dependency: transitive
    description:
      name: matcher
      sha256: d2323aa3360d732a68fa0ad15c1f7e657741a5495b0ac7f23c723a492d7f8719
      url: "https://pub.dev"
    source: hosted
    version: "0.12.16+1"
  material_color_utilities:
    dependency: transitive
    description:
      name: material_color_utilities
      sha256: f7142bb11542624a544e54799aa30c33afeb723148a04b624fc7c07b687aac71
      url: "https://pub.dev"
    source: hosted
    version: "0.11.1"
  meta:
    dependency: transitive
    description:
      name: meta
      sha256: bdb5707d55971566741dfa360f33db6f28e23995fad21ebbe41f531104f09d42
      url: "https://pub.dev"
    source: hosted
    version: "1.15.0"
  path:
    dependency: transitive
    description:
      name: path
      sha256: "087ce89c019361d5dd8414b739f3aebe2b16760fa74e50a4ae4c0237411c704d"
      url: "https://pub.dev"
    source: hosted
    version: "1.9.0"
  sky_engine:
    dependency: transitive
    description: flutter
    source: sdk
    version: "0.0.99"
  source_span:
    dependency: transitive
    description:
      name: source_span
      sha256: "53e943d4206ac456d180243db65d667f8588ac99a6652669ab91e841279ce470"
      url: "https://pub.dev"
    source: hosted
    version: "1.10.0"
  stack_trace:
    dependency: transitive
    description:
      name: stack_trace
      sha256: "73713990125a6d9388e573d49ad0af9a6a402b6695732223a9c679aaca8247ee"
      url: "https://pub.dev"
    source: hosted
    version: "1.11.1"
  stream_channel:
    dependency: transitive
    description:
      name: stream_channel
      sha256: ba2aa5d4b609d1f1ce8c545d56c989ca864239b27bd82c7ab3614709e770403a
      url: "https://pub.dev"
    source: hosted
    version: "2.1.2"
  string_scanner:
    dependency: transitive
    description:
      name: string_scanner
      sha256: "556692ad3472381e776d3e5dc68c32890cefd8c508b857dc6823829000283041"
      url: "https://pub.dev"
    source: hosted
    version: "1.2.0"
  term_glyph:
    dependency: transitive
    description:
      name: term_glyph
      sha256: a29248a84fbb3a7d77f86eb769259e0a6eb684310b84eb8aa14065d691a359e8
      url: "https://pub.dev"
    source: hosted
    version: "1.2.1"
  test_api:
    dependency: transitive
    description:
      name: test_api
      sha256: "5b8a98dafc4d5c4c9bf20d625b074b70abf239424693a7970d50f37494a44119"
      url: "https://pub.dev"
    source: hosted
    version: "0.7.2"
  vector_math:
    dependency: transitive
    description:
      name: vector_math
      sha256: "80b3257d1449ce66ce9b621ce0c61e69d7074f3780967de8379048a336336f1c"
      url: "https://pub.dev"
    source: hosted
    version: "2.1.4"
  vm_service:
    dependency: transitive
    description:
      name: vm_service
      sha256: b3413cb0f0bcde890989f9252bc194602f9e4eb58c56a6ec155255460a3a4114
      url: "https://pub.dev"
    source: hosted
    version: "14.2.5"
sdks:
  dart: ">=3.8.0 <4.0.0"
  flutter: ">=3.24.0"
